// !$*UTF8*$!
{
	archiveVersion = 1;
	classes = {
	};
	objectVersion = 50;
	objects = {

/* Begin PBXBuildFile section */
		71FD1F3F1FA70268B805C363 /* libPods-LXCategory.a in Frameworks */ = {isa = PBXBuildFile; fileRef = 1532E8ED1E93FFE6A822366F /* libPods-LXCategory.a */; };
		7307CF9121D646240005C962 /* UIGestureRecognizer+LXCategory.m in Sources */ = {isa = PBXBuildFile; fileRef = 7307CF9021D646240005C962 /* UIGestureRecognizer+LXCategory.m */; };
		7307CF9421D6463C0005C962 /* UIFont+LXCategory.m in Sources */ = {isa = PBXBuildFile; fileRef = 7307CF9321D6463C0005C962 /* UIFont+LXCategory.m */; };
		7307CF9721D6465E0005C962 /* UICollectionView+LXCategory.m in Sources */ = {isa = PBXBuildFile; fileRef = 7307CF9621D6465E0005C962 /* UICollectionView+LXCategory.m */; };
		7307CF9A21D646790005C962 /* UIScreen+LXCategory.m in Sources */ = {isa = PBXBuildFile; fileRef = 7307CF9921D646790005C962 /* UIScreen+LXCategory.m */; };
		7307CF9D21D6468C0005C962 /* UIDevice+LXCategory.m in Sources */ = {isa = PBXBuildFile; fileRef = 7307CF9C21D6468C0005C962 /* UIDevice+LXCategory.m */; };
		7307CFA021D6469C0005C962 /* UIImage+LXCategory.m in Sources */ = {isa = PBXBuildFile; fileRef = 7307CF9F21D6469C0005C962 /* UIImage+LXCategory.m */; };
		7307CFA321D646B00005C962 /* UILabel+LXCategory.m in Sources */ = {isa = PBXBuildFile; fileRef = 7307CFA221D646B00005C962 /* UILabel+LXCategory.m */; };
		7307CFA621D646BD0005C962 /* UIButton+LXCategory.m in Sources */ = {isa = PBXBuildFile; fileRef = 7307CFA521D646BD0005C962 /* UIButton+LXCategory.m */; };
		7307CFA921D646DE0005C962 /* UITextField+LXCategory.m in Sources */ = {isa = PBXBuildFile; fileRef = 7307CFA821D646DE0005C962 /* UITextField+LXCategory.m */; };
		7307E05D21DC6484000752F6 /* UIAlertController+LXCategory.m in Sources */ = {isa = PBXBuildFile; fileRef = 7307E05C21DC6484000752F6 /* UIAlertController+LXCategory.m */; };
		730A1EA521E44CEB003D9A1F /* NSNumber+LXCategory.m in Sources */ = {isa = PBXBuildFile; fileRef = 730A1EA421E44CEB003D9A1F /* NSNumber+LXCategory.m */; };
		7311819C21DDD3F900077485 /* LXBaseLayerChainModel.m in Sources */ = {isa = PBXBuildFile; fileRef = 7311819B21DDD3F900077485 /* LXBaseLayerChainModel.m */; };
		731181A021DDF6F900077485 /* Bitmap@2x.png in Resources */ = {isa = PBXBuildFile; fileRef = 7311819F21DDF6F900077485 /* Bitmap@2x.png */; };
		731181A621DE26FC00077485 /* NSString+LXCategory.m in Sources */ = {isa = PBXBuildFile; fileRef = 731181A521DE26FC00077485 /* NSString+LXCategory.m */; };
		731181AC21DE2D5C00077485 /* NSAttributedString+LXCategory.m in Sources */ = {isa = PBXBuildFile; fileRef = 731181AB21DE2D5C00077485 /* NSAttributedString+LXCategory.m */; };
		731487C821D4759100480F08 /* UIControl+LXCategory.m in Sources */ = {isa = PBXBuildFile; fileRef = 731487C721D4759100480F08 /* UIControl+LXCategory.m */; };
		731487E021D4EBBC00480F08 /* LXommonNavigationBar.m in Sources */ = {isa = PBXBuildFile; fileRef = 731487DC21D4EBBB00480F08 /* LXommonNavigationBar.m */; };
		731487E121D4EBBC00480F08 /* LXommonViewController.m in Sources */ = {isa = PBXBuildFile; fileRef = 731487DF21D4EBBC00480F08 /* LXommonViewController.m */; };
		731487E421D4EC6700480F08 /* UIColor+LXCategory.m in Sources */ = {isa = PBXBuildFile; fileRef = 731487E321D4EC6700480F08 /* UIColor+LXCategory.m */; };
		731487E721D4EED400480F08 /* UITableView+LXCategory.m in Sources */ = {isa = PBXBuildFile; fileRef = 731487E621D4EED400480F08 /* UITableView+LXCategory.m */; };
		73168EFD21E2EBE6005A6879 /* LXSafeDictionary.m in Sources */ = {isa = PBXBuildFile; fileRef = 73168EFC21E2EBE6005A6879 /* LXSafeDictionary.m */; };
		73168F0221E2F8E3005A6879 /* LXMa1.m in Sources */ = {isa = PBXBuildFile; fileRef = 73168F0121E2F8E3005A6879 /* LXMa1.m */; };
		73168F0521E31D6A005A6879 /* UIScrollView+LXCategory.m in Sources */ = {isa = PBXBuildFile; fileRef = 73168F0421E31D6A005A6879 /* UIScrollView+LXCategory.m */; };
		73168F0821E338CF005A6879 /* UIApplication+LXCategory.m in Sources */ = {isa = PBXBuildFile; fileRef = 73168F0721E338CF005A6879 /* UIApplication+LXCategory.m */; };
		73168F3C21E34183005A6879 /* NSData+LXCategory.m in Sources */ = {isa = PBXBuildFile; fileRef = 73168F3B21E34183005A6879 /* NSData+LXCategory.m */; };
		7319C6E121DEED0500156813 /* 11.gif in Resources */ = {isa = PBXBuildFile; fileRef = 7319C6E021DEED0500156813 /* 11.gif */; };
		7319C6E421DF00B600156813 /* LXLayerChainModel.m in Sources */ = {isa = PBXBuildFile; fileRef = 7319C6E321DF00B600156813 /* LXLayerChainModel.m */; };
		7319C6ED21DF31F300156813 /* LXShaperLayerChainModel.m in Sources */ = {isa = PBXBuildFile; fileRef = 7319C6EC21DF31F300156813 /* LXShaperLayerChainModel.m */; };
		7319C6F321DF321F00156813 /* LXEmiiterLayerChainModel.m in Sources */ = {isa = PBXBuildFile; fileRef = 7319C6F221DF321F00156813 /* LXEmiiterLayerChainModel.m */; };
		7319C6F621DF323100156813 /* LXScrollLayerChainModel.m in Sources */ = {isa = PBXBuildFile; fileRef = 7319C6F521DF323100156813 /* LXScrollLayerChainModel.m */; };
		7319C6F921DF324200156813 /* LXTextLayerChainModel.m in Sources */ = {isa = PBXBuildFile; fileRef = 7319C6F821DF324200156813 /* LXTextLayerChainModel.m */; };
		7319C6FC21DF325200156813 /* LXTiledLayerChainModel.m in Sources */ = {isa = PBXBuildFile; fileRef = 7319C6FB21DF325200156813 /* LXTiledLayerChainModel.m */; };
		7319C6FF21DF326600156813 /* LXTransFormLayerChainModel.m in Sources */ = {isa = PBXBuildFile; fileRef = 7319C6FE21DF326600156813 /* LXTransFormLayerChainModel.m */; };
		7319C70221DF327E00156813 /* LXGradientLayerChainModel.m in Sources */ = {isa = PBXBuildFile; fileRef = 7319C70121DF327E00156813 /* LXGradientLayerChainModel.m */; };
		7319C70521DF329C00156813 /* LXReplicatorLayerChainModel.m in Sources */ = {isa = PBXBuildFile; fileRef = 7319C70421DF329C00156813 /* LXReplicatorLayerChainModel.m */; };
		7319C70821DF4CA100156813 /* CALayer+LXChain.m in Sources */ = {isa = PBXBuildFile; fileRef = 7319C70721DF4CA100156813 /* CALayer+LXChain.m */; };
		73330CBB21A3F61800233E6D /* AppDelegate.m in Sources */ = {isa = PBXBuildFile; fileRef = 73330CBA21A3F61800233E6D /* AppDelegate.m */; };
		73330CBE21A3F61800233E6D /* ViewController.m in Sources */ = {isa = PBXBuildFile; fileRef = 73330CBD21A3F61800233E6D /* ViewController.m */; };
		73330CC121A3F61800233E6D /* Main.storyboard in Resources */ = {isa = PBXBuildFile; fileRef = 73330CBF21A3F61800233E6D /* Main.storyboard */; };
		73330CC321A3F61900233E6D /* Assets.xcassets in Resources */ = {isa = PBXBuildFile; fileRef = 73330CC221A3F61900233E6D /* Assets.xcassets */; };
		73330CC621A3F61900233E6D /* LaunchScreen.storyboard in Resources */ = {isa = PBXBuildFile; fileRef = 73330CC421A3F61900233E6D /* LaunchScreen.storyboard */; };
		73330CC921A3F61900233E6D /* main.m in Sources */ = {isa = PBXBuildFile; fileRef = 73330CC821A3F61900233E6D /* main.m */; };
		73337B1521E5AB1200200EB3 /* NSArray+LXCategory.m in Sources */ = {isa = PBXBuildFile; fileRef = 73337B1421E5AB1200200EB3 /* NSArray+LXCategory.m */; };
		73337B1821E5AB1F00200EB3 /* NSDictionary+LXCategory.m in Sources */ = {isa = PBXBuildFile; fileRef = 73337B1721E5AB1F00200EB3 /* NSDictionary+LXCategory.m */; };
		73337B1B21E5AB4400200EB3 /* NSDate+LXCategory.m in Sources */ = {isa = PBXBuildFile; fileRef = 73337B1A21E5AB4400200EB3 /* NSDate+LXCategory.m */; };
		73337B1E21E5AB5300200EB3 /* NSObject+LXCategory.m in Sources */ = {isa = PBXBuildFile; fileRef = 73337B1D21E5AB5300200EB3 /* NSObject+LXCategory.m */; };
		73337B2121E5ACCF00200EB3 /* NSTimer+LXCategory.m in Sources */ = {isa = PBXBuildFile; fileRef = 73337B2021E5ACCF00200EB3 /* NSTimer+LXCategory.m */; };
		734555F721A4266C006866A5 /* UIKit.framework in Frameworks */ = {isa = PBXBuildFile; fileRef = 734555F621A4266C006866A5 /* UIKit.framework */; };
		734555FD21A4271D006866A5 /* Foundation.framework in Frameworks */ = {isa = PBXBuildFile; fileRef = 734555FC21A4271D006866A5 /* Foundation.framework */; };
		735C555721E8240C00030E22 /* NSFileManager+LXCategory.m in Sources */ = {isa = PBXBuildFile; fileRef = 735C555621E8240C00030E22 /* NSFileManager+LXCategory.m */; };
		735C569021E8922100030E22 /* LXActivityIndicatorViewChainModel.m in Sources */ = {isa = PBXBuildFile; fileRef = 735C568F21E8922100030E22 /* LXActivityIndicatorViewChainModel.m */; };
		735C569321E8958D00030E22 /* LXDatePickerViewChainModel.m in Sources */ = {isa = PBXBuildFile; fileRef = 735C569221E8958D00030E22 /* LXDatePickerViewChainModel.m */; };
		735C569621E8962A00030E22 /* LXPickerViewChainModel.m in Sources */ = {isa = PBXBuildFile; fileRef = 735C569521E8962A00030E22 /* LXPickerViewChainModel.m */; };
		735C569921E8964E00030E22 /* LXProgressViewChainModel.m in Sources */ = {isa = PBXBuildFile; fileRef = 735C569821E8964E00030E22 /* LXProgressViewChainModel.m */; };
		735C569C21E8970900030E22 /* LXVisualEffectViewChainModel.m in Sources */ = {isa = PBXBuildFile; fileRef = 735C569B21E8970900030E22 /* LXVisualEffectViewChainModel.m */; };
		735C569F21E8973400030E22 /* LXSliderViewChainModel.m in Sources */ = {isa = PBXBuildFile; fileRef = 735C569E21E8973400030E22 /* LXSliderViewChainModel.m */; };
		735C56A221E8975600030E22 /* LXSegmentedControlChainModel.m in Sources */ = {isa = PBXBuildFile; fileRef = 735C56A121E8975600030E22 /* LXSegmentedControlChainModel.m */; };
		7362523421DCD4130049F5E2 /* LXPinchGestureChainModel.m in Sources */ = {isa = PBXBuildFile; fileRef = 7362520621DCD4130049F5E2 /* LXPinchGestureChainModel.m */; };
		7362523521DCD4130049F5E2 /* LXPanGestureChainModel.m in Sources */ = {isa = PBXBuildFile; fileRef = 7362520A21DCD4130049F5E2 /* LXPanGestureChainModel.m */; };
		7362523621DCD4130049F5E2 /* LXLongPressGestureChainModel.m in Sources */ = {isa = PBXBuildFile; fileRef = 7362520B21DCD4130049F5E2 /* LXLongPressGestureChainModel.m */; };
		7362523721DCD4130049F5E2 /* LXSwipeGestureChainModel.m in Sources */ = {isa = PBXBuildFile; fileRef = 7362520C21DCD4130049F5E2 /* LXSwipeGestureChainModel.m */; };
		7362523821DCD4130049F5E2 /* LXTapGestureChainModel.m in Sources */ = {isa = PBXBuildFile; fileRef = 7362520D21DCD4130049F5E2 /* LXTapGestureChainModel.m */; };
		7362523921DCD4130049F5E2 /* LXBaseGestureChainModel.m in Sources */ = {isa = PBXBuildFile; fileRef = 7362520F21DCD4130049F5E2 /* LXBaseGestureChainModel.m */; };
		7362523A21DCD4130049F5E2 /* LXRotationGestureChainModel.m in Sources */ = {isa = PBXBuildFile; fileRef = 7362521021DCD4130049F5E2 /* LXRotationGestureChainModel.m */; };
		7362523B21DCD4130049F5E2 /* LXBaseViewChainModel.m in Sources */ = {isa = PBXBuildFile; fileRef = 7362521521DCD4130049F5E2 /* LXBaseViewChainModel.m */; };
		7362523C21DCD4130049F5E2 /* LXTableViewChainModel.m in Sources */ = {isa = PBXBuildFile; fileRef = 7362521621DCD4130049F5E2 /* LXTableViewChainModel.m */; };
		7362523D21DCD4130049F5E2 /* LXCollectionViewChainModel.m in Sources */ = {isa = PBXBuildFile; fileRef = 7362521721DCD4130049F5E2 /* LXCollectionViewChainModel.m */; };
		7362523E21DCD4130049F5E2 /* LXButtonChainModel.m in Sources */ = {isa = PBXBuildFile; fileRef = 7362521821DCD4130049F5E2 /* LXButtonChainModel.m */; };
		7362523F21DCD4130049F5E2 /* LXTableViewCellChainModel.m in Sources */ = {isa = PBXBuildFile; fileRef = 7362521A21DCD4130049F5E2 /* LXTableViewCellChainModel.m */; };
		7362524021DCD4130049F5E2 /* LXTextViewChainModel.m in Sources */ = {isa = PBXBuildFile; fileRef = 7362521B21DCD4130049F5E2 /* LXTextViewChainModel.m */; };
		7362524121DCD4130049F5E2 /* UIView+LXChain.m in Sources */ = {isa = PBXBuildFile; fileRef = 7362521C21DCD4130049F5E2 /* UIView+LXChain.m */; };
		7362524221DCD4130049F5E2 /* LXSwitchChainModel.m in Sources */ = {isa = PBXBuildFile; fileRef = 7362521D21DCD4130049F5E2 /* LXSwitchChainModel.m */; };
		7362524321DCD4130049F5E2 /* LXTextFieldChainModel.m in Sources */ = {isa = PBXBuildFile; fileRef = 7362521E21DCD4130049F5E2 /* LXTextFieldChainModel.m */; };
		7362524421DCD4130049F5E2 /* LXControlChainModel.m in Sources */ = {isa = PBXBuildFile; fileRef = 7362521F21DCD4130049F5E2 /* LXControlChainModel.m */; };
		7362524521DCD4130049F5E2 /* LXLabelChainModel.m in Sources */ = {isa = PBXBuildFile; fileRef = 7362522121DCD4130049F5E2 /* LXLabelChainModel.m */; };
		7362524621DCD4130049F5E2 /* LXScrollViewChainModel.m in Sources */ = {isa = PBXBuildFile; fileRef = 7362522321DCD4130049F5E2 /* LXScrollViewChainModel.m */; };
		7362524721DCD4130049F5E2 /* LXViewChainModel.m in Sources */ = {isa = PBXBuildFile; fileRef = 7362522721DCD4130049F5E2 /* LXViewChainModel.m */; };
		7362524821DCD4130049F5E2 /* LXWebViewChainModel.m in Sources */ = {isa = PBXBuildFile; fileRef = 7362522B21DCD4130049F5E2 /* LXWebViewChainModel.m */; };
		7362524921DCD4130049F5E2 /* LXImageViewChainModel.m in Sources */ = {isa = PBXBuildFile; fileRef = 7362523221DCD4130049F5E2 /* LXImageViewChainModel.m */; };
		73BAD06C21D3A50000B1A274 /* UIView+LXCategory.m in Sources */ = {isa = PBXBuildFile; fileRef = 73BAD06B21D3A50000B1A274 /* UIView+LXCategory.m */; };
/* End PBXBuildFile section */

/* Begin PBXFileReference section */
		1532E8ED1E93FFE6A822366F /* libPods-LXCategory.a */ = {isa = PBXFileReference; explicitFileType = archive.ar; includeInIndex = 0; path = "libPods-LXCategory.a"; sourceTree = BUILT_PRODUCTS_DIR; };
		2FD3EB69EB37647FA5973E38 /* Pods-LXCategory.debug.xcconfig */ = {isa = PBXFileReference; includeInIndex = 1; lastKnownFileType = text.xcconfig; name = "Pods-LXCategory.debug.xcconfig"; path = "Pods/Target Support Files/Pods-LXCategory/Pods-LXCategory.debug.xcconfig"; sourceTree = "<group>"; };
		7307CF8F21D646240005C962 /* UIGestureRecognizer+LXCategory.h */ = {isa = PBXFileReference; lastKnownFileType = sourcecode.c.h; path = "UIGestureRecognizer+LXCategory.h"; sourceTree = "<group>"; };
		7307CF9021D646240005C962 /* UIGestureRecognizer+LXCategory.m */ = {isa = PBXFileReference; lastKnownFileType = sourcecode.c.objc; path = "UIGestureRecognizer+LXCategory.m"; sourceTree = "<group>"; };
		7307CF9221D6463C0005C962 /* UIFont+LXCategory.h */ = {isa = PBXFileReference; lastKnownFileType = sourcecode.c.h; path = "UIFont+LXCategory.h"; sourceTree = "<group>"; };
		7307CF9321D6463C0005C962 /* UIFont+LXCategory.m */ = {isa = PBXFileReference; lastKnownFileType = sourcecode.c.objc; path = "UIFont+LXCategory.m"; sourceTree = "<group>"; };
		7307CF9521D6465E0005C962 /* UICollectionView+LXCategory.h */ = {isa = PBXFileReference; lastKnownFileType = sourcecode.c.h; path = "UICollectionView+LXCategory.h"; sourceTree = "<group>"; };
		7307CF9621D6465E0005C962 /* UICollectionView+LXCategory.m */ = {isa = PBXFileReference; lastKnownFileType = sourcecode.c.objc; path = "UICollectionView+LXCategory.m"; sourceTree = "<group>"; };
		7307CF9821D646790005C962 /* UIScreen+LXCategory.h */ = {isa = PBXFileReference; lastKnownFileType = sourcecode.c.h; path = "UIScreen+LXCategory.h"; sourceTree = "<group>"; };
		7307CF9921D646790005C962 /* UIScreen+LXCategory.m */ = {isa = PBXFileReference; lastKnownFileType = sourcecode.c.objc; path = "UIScreen+LXCategory.m"; sourceTree = "<group>"; };
		7307CF9B21D6468C0005C962 /* UIDevice+LXCategory.h */ = {isa = PBXFileReference; lastKnownFileType = sourcecode.c.h; path = "UIDevice+LXCategory.h"; sourceTree = "<group>"; };
		7307CF9C21D6468C0005C962 /* UIDevice+LXCategory.m */ = {isa = PBXFileReference; lastKnownFileType = sourcecode.c.objc; path = "UIDevice+LXCategory.m"; sourceTree = "<group>"; };
		7307CF9E21D6469C0005C962 /* UIImage+LXCategory.h */ = {isa = PBXFileReference; lastKnownFileType = sourcecode.c.h; path = "UIImage+LXCategory.h"; sourceTree = "<group>"; };
		7307CF9F21D6469C0005C962 /* UIImage+LXCategory.m */ = {isa = PBXFileReference; lastKnownFileType = sourcecode.c.objc; path = "UIImage+LXCategory.m"; sourceTree = "<group>"; };
		7307CFA121D646B00005C962 /* UILabel+LXCategory.h */ = {isa = PBXFileReference; lastKnownFileType = sourcecode.c.h; path = "UILabel+LXCategory.h"; sourceTree = "<group>"; };
		7307CFA221D646B00005C962 /* UILabel+LXCategory.m */ = {isa = PBXFileReference; lastKnownFileType = sourcecode.c.objc; path = "UILabel+LXCategory.m"; sourceTree = "<group>"; };
		7307CFA421D646BD0005C962 /* UIButton+LXCategory.h */ = {isa = PBXFileReference; lastKnownFileType = sourcecode.c.h; path = "UIButton+LXCategory.h"; sourceTree = "<group>"; };
		7307CFA521D646BD0005C962 /* UIButton+LXCategory.m */ = {isa = PBXFileReference; lastKnownFileType = sourcecode.c.objc; path = "UIButton+LXCategory.m"; sourceTree = "<group>"; };
		7307CFA721D646DE0005C962 /* UITextField+LXCategory.h */ = {isa = PBXFileReference; lastKnownFileType = sourcecode.c.h; path = "UITextField+LXCategory.h"; sourceTree = "<group>"; };
		7307CFA821D646DE0005C962 /* UITextField+LXCategory.m */ = {isa = PBXFileReference; lastKnownFileType = sourcecode.c.objc; path = "UITextField+LXCategory.m"; sourceTree = "<group>"; };
		7307E05B21DC6484000752F6 /* UIAlertController+LXCategory.h */ = {isa = PBXFileReference; lastKnownFileType = sourcecode.c.h; path = "UIAlertController+LXCategory.h"; sourceTree = "<group>"; };
		7307E05C21DC6484000752F6 /* UIAlertController+LXCategory.m */ = {isa = PBXFileReference; lastKnownFileType = sourcecode.c.objc; path = "UIAlertController+LXCategory.m"; sourceTree = "<group>"; };
		730A1EA321E44CEB003D9A1F /* NSNumber+LXCategory.h */ = {isa = PBXFileReference; lastKnownFileType = sourcecode.c.h; path = "NSNumber+LXCategory.h"; sourceTree = "<group>"; };
		730A1EA421E44CEB003D9A1F /* NSNumber+LXCategory.m */ = {isa = PBXFileReference; lastKnownFileType = sourcecode.c.objc; path = "NSNumber+LXCategory.m"; sourceTree = "<group>"; };
		7311819A21DDD3F900077485 /* LXBaseLayerChainModel.h */ = {isa = PBXFileReference; lastKnownFileType = sourcecode.c.h; path = LXBaseLayerChainModel.h; sourceTree = "<group>"; };
		7311819B21DDD3F900077485 /* LXBaseLayerChainModel.m */ = {isa = PBXFileReference; lastKnownFileType = sourcecode.c.objc; path = LXBaseLayerChainModel.m; sourceTree = "<group>"; };
		7311819F21DDF6F900077485 /* Bitmap@2x.png */ = {isa = PBXFileReference; lastKnownFileType = image.png; path = "Bitmap@2x.png"; sourceTree = "<group>"; };
		731181A421DE26FC00077485 /* NSString+LXCategory.h */ = {isa = PBXFileReference; lastKnownFileType = sourcecode.c.h; path = "NSString+LXCategory.h"; sourceTree = "<group>"; };
		731181A521DE26FC00077485 /* NSString+LXCategory.m */ = {isa = PBXFileReference; lastKnownFileType = sourcecode.c.objc; path = "NSString+LXCategory.m"; sourceTree = "<group>"; };
		731181AA21DE2D5C00077485 /* NSAttributedString+LXCategory.h */ = {isa = PBXFileReference; lastKnownFileType = sourcecode.c.h; path = "NSAttributedString+LXCategory.h"; sourceTree = "<group>"; };
		731181AB21DE2D5C00077485 /* NSAttributedString+LXCategory.m */ = {isa = PBXFileReference; lastKnownFileType = sourcecode.c.objc; path = "NSAttributedString+LXCategory.m"; sourceTree = "<group>"; };
		731487C621D4759100480F08 /* UIControl+LXCategory.h */ = {isa = PBXFileReference; lastKnownFileType = sourcecode.c.h; path = "UIControl+LXCategory.h"; sourceTree = "<group>"; };
		731487C721D4759100480F08 /* UIControl+LXCategory.m */ = {isa = PBXFileReference; lastKnownFileType = sourcecode.c.objc; path = "UIControl+LXCategory.m"; sourceTree = "<group>"; };
		731487DC21D4EBBB00480F08 /* LXommonNavigationBar.m */ = {isa = PBXFileReference; fileEncoding = 4; lastKnownFileType = sourcecode.c.objc; path = LXommonNavigationBar.m; sourceTree = "<group>"; };
		731487DD21D4EBBB00480F08 /* LXommonViewController.h */ = {isa = PBXFileReference; fileEncoding = 4; lastKnownFileType = sourcecode.c.h; path = LXommonViewController.h; sourceTree = "<group>"; };
		731487DE21D4EBBC00480F08 /* LXommonNavigationBar.h */ = {isa = PBXFileReference; fileEncoding = 4; lastKnownFileType = sourcecode.c.h; path = LXommonNavigationBar.h; sourceTree = "<group>"; };
		731487DF21D4EBBC00480F08 /* LXommonViewController.m */ = {isa = PBXFileReference; fileEncoding = 4; lastKnownFileType = sourcecode.c.objc; path = LXommonViewController.m; sourceTree = "<group>"; };
		731487E221D4EC6700480F08 /* UIColor+LXCategory.h */ = {isa = PBXFileReference; lastKnownFileType = sourcecode.c.h; path = "UIColor+LXCategory.h"; sourceTree = "<group>"; };
		731487E321D4EC6700480F08 /* UIColor+LXCategory.m */ = {isa = PBXFileReference; lastKnownFileType = sourcecode.c.objc; path = "UIColor+LXCategory.m"; sourceTree = "<group>"; };
		731487E521D4EED400480F08 /* UITableView+LXCategory.h */ = {isa = PBXFileReference; lastKnownFileType = sourcecode.c.h; path = "UITableView+LXCategory.h"; sourceTree = "<group>"; };
		731487E621D4EED400480F08 /* UITableView+LXCategory.m */ = {isa = PBXFileReference; lastKnownFileType = sourcecode.c.objc; path = "UITableView+LXCategory.m"; sourceTree = "<group>"; };
		73168EFB21E2EBE6005A6879 /* LXSafeDictionary.h */ = {isa = PBXFileReference; lastKnownFileType = sourcecode.c.h; path = LXSafeDictionary.h; sourceTree = "<group>"; };
		73168EFC21E2EBE6005A6879 /* LXSafeDictionary.m */ = {isa = PBXFileReference; lastKnownFileType = sourcecode.c.objc; path = LXSafeDictionary.m; sourceTree = "<group>"; };
		73168F0021E2F8E3005A6879 /* LXMa1.h */ = {isa = PBXFileReference; lastKnownFileType = sourcecode.c.h; path = LXMa1.h; sourceTree = "<group>"; };
		73168F0121E2F8E3005A6879 /* LXMa1.m */ = {isa = PBXFileReference; lastKnownFileType = sourcecode.c.objc; path = LXMa1.m; sourceTree = "<group>"; };
		73168F0321E31D6A005A6879 /* UIScrollView+LXCategory.h */ = {isa = PBXFileReference; lastKnownFileType = sourcecode.c.h; path = "UIScrollView+LXCategory.h"; sourceTree = "<group>"; };
		73168F0421E31D6A005A6879 /* UIScrollView+LXCategory.m */ = {isa = PBXFileReference; lastKnownFileType = sourcecode.c.objc; path = "UIScrollView+LXCategory.m"; sourceTree = "<group>"; };
		73168F0621E338CF005A6879 /* UIApplication+LXCategory.h */ = {isa = PBXFileReference; lastKnownFileType = sourcecode.c.h; path = "UIApplication+LXCategory.h"; sourceTree = "<group>"; };
		73168F0721E338CF005A6879 /* UIApplication+LXCategory.m */ = {isa = PBXFileReference; lastKnownFileType = sourcecode.c.objc; path = "UIApplication+LXCategory.m"; sourceTree = "<group>"; };
		73168F3A21E34183005A6879 /* NSData+LXCategory.h */ = {isa = PBXFileReference; lastKnownFileType = sourcecode.c.h; path = "NSData+LXCategory.h"; sourceTree = "<group>"; };
		73168F3B21E34183005A6879 /* NSData+LXCategory.m */ = {isa = PBXFileReference; lastKnownFileType = sourcecode.c.objc; path = "NSData+LXCategory.m"; sourceTree = "<group>"; };
		7319C6E021DEED0500156813 /* 11.gif */ = {isa = PBXFileReference; lastKnownFileType = image.gif; path = 11.gif; sourceTree = "<group>"; };
		7319C6E221DF00B600156813 /* LXLayerChainModel.h */ = {isa = PBXFileReference; lastKnownFileType = sourcecode.c.h; path = LXLayerChainModel.h; sourceTree = "<group>"; };
		7319C6E321DF00B600156813 /* LXLayerChainModel.m */ = {isa = PBXFileReference; lastKnownFileType = sourcecode.c.objc; path = LXLayerChainModel.m; sourceTree = "<group>"; };
		7319C6E821DF156900156813 /* LXViewChainHeader.h */ = {isa = PBXFileReference; lastKnownFileType = sourcecode.c.h; path = LXViewChainHeader.h; sourceTree = "<group>"; };
		7319C6E921DF157C00156813 /* LXGestureChainHeader.h */ = {isa = PBXFileReference; lastKnownFileType = sourcecode.c.h; path = LXGestureChainHeader.h; sourceTree = "<group>"; };
		7319C6EA21DF158A00156813 /* LXLayerChainHeader.h */ = {isa = PBXFileReference; lastKnownFileType = sourcecode.c.h; path = LXLayerChainHeader.h; sourceTree = "<group>"; };
		7319C6EB21DF31F300156813 /* LXShaperLayerChainModel.h */ = {isa = PBXFileReference; lastKnownFileType = sourcecode.c.h; path = LXShaperLayerChainModel.h; sourceTree = "<group>"; };
		7319C6EC21DF31F300156813 /* LXShaperLayerChainModel.m */ = {isa = PBXFileReference; lastKnownFileType = sourcecode.c.objc; path = LXShaperLayerChainModel.m; sourceTree = "<group>"; };
		7319C6F121DF321F00156813 /* LXEmiiterLayerChainModel.h */ = {isa = PBXFileReference; lastKnownFileType = sourcecode.c.h; path = LXEmiiterLayerChainModel.h; sourceTree = "<group>"; };
		7319C6F221DF321F00156813 /* LXEmiiterLayerChainModel.m */ = {isa = PBXFileReference; lastKnownFileType = sourcecode.c.objc; path = LXEmiiterLayerChainModel.m; sourceTree = "<group>"; };
		7319C6F421DF323100156813 /* LXScrollLayerChainModel.h */ = {isa = PBXFileReference; lastKnownFileType = sourcecode.c.h; path = LXScrollLayerChainModel.h; sourceTree = "<group>"; };
		7319C6F521DF323100156813 /* LXScrollLayerChainModel.m */ = {isa = PBXFileReference; lastKnownFileType = sourcecode.c.objc; path = LXScrollLayerChainModel.m; sourceTree = "<group>"; };
		7319C6F721DF324200156813 /* LXTextLayerChainModel.h */ = {isa = PBXFileReference; lastKnownFileType = sourcecode.c.h; path = LXTextLayerChainModel.h; sourceTree = "<group>"; };
		7319C6F821DF324200156813 /* LXTextLayerChainModel.m */ = {isa = PBXFileReference; lastKnownFileType = sourcecode.c.objc; path = LXTextLayerChainModel.m; sourceTree = "<group>"; };
		7319C6FA21DF325200156813 /* LXTiledLayerChainModel.h */ = {isa = PBXFileReference; lastKnownFileType = sourcecode.c.h; path = LXTiledLayerChainModel.h; sourceTree = "<group>"; };
		7319C6FB21DF325200156813 /* LXTiledLayerChainModel.m */ = {isa = PBXFileReference; lastKnownFileType = sourcecode.c.objc; path = LXTiledLayerChainModel.m; sourceTree = "<group>"; };
		7319C6FD21DF326600156813 /* LXTransFormLayerChainModel.h */ = {isa = PBXFileReference; lastKnownFileType = sourcecode.c.h; path = LXTransFormLayerChainModel.h; sourceTree = "<group>"; };
		7319C6FE21DF326600156813 /* LXTransFormLayerChainModel.m */ = {isa = PBXFileReference; lastKnownFileType = sourcecode.c.objc; path = LXTransFormLayerChainModel.m; sourceTree = "<group>"; };
		7319C70021DF327E00156813 /* LXGradientLayerChainModel.h */ = {isa = PBXFileReference; lastKnownFileType = sourcecode.c.h; path = LXGradientLayerChainModel.h; sourceTree = "<group>"; };
		7319C70121DF327E00156813 /* LXGradientLayerChainModel.m */ = {isa = PBXFileReference; lastKnownFileType = sourcecode.c.objc; path = LXGradientLayerChainModel.m; sourceTree = "<group>"; };
		7319C70321DF329C00156813 /* LXReplicatorLayerChainModel.h */ = {isa = PBXFileReference; lastKnownFileType = sourcecode.c.h; path = LXReplicatorLayerChainModel.h; sourceTree = "<group>"; };
		7319C70421DF329C00156813 /* LXReplicatorLayerChainModel.m */ = {isa = PBXFileReference; lastKnownFileType = sourcecode.c.objc; path = LXReplicatorLayerChainModel.m; sourceTree = "<group>"; };
		7319C70621DF4CA100156813 /* CALayer+LXChain.h */ = {isa = PBXFileReference; lastKnownFileType = sourcecode.c.h; path = "CALayer+LXChain.h"; sourceTree = "<group>"; };
		7319C70721DF4CA100156813 /* CALayer+LXChain.m */ = {isa = PBXFileReference; lastKnownFileType = sourcecode.c.objc; path = "CALayer+LXChain.m"; sourceTree = "<group>"; };
		73330CB621A3F61800233E6D /* LXCategory.app */ = {isa = PBXFileReference; explicitFileType = wrapper.application; includeInIndex = 0; path = LXCategory.app; sourceTree = BUILT_PRODUCTS_DIR; };
		73330CB921A3F61800233E6D /* AppDelegate.h */ = {isa = PBXFileReference; lastKnownFileType = sourcecode.c.h; path = AppDelegate.h; sourceTree = "<group>"; };
		73330CBA21A3F61800233E6D /* AppDelegate.m */ = {isa = PBXFileReference; lastKnownFileType = sourcecode.c.objc; path = AppDelegate.m; sourceTree = "<group>"; };
		73330CBC21A3F61800233E6D /* ViewController.h */ = {isa = PBXFileReference; lastKnownFileType = sourcecode.c.h; path = ViewController.h; sourceTree = "<group>"; };
		73330CBD21A3F61800233E6D /* ViewController.m */ = {isa = PBXFileReference; lastKnownFileType = sourcecode.c.objc; path = ViewController.m; sourceTree = "<group>"; };
		73330CC021A3F61800233E6D /* Base */ = {isa = PBXFileReference; lastKnownFileType = file.storyboard; name = Base; path = Base.lproj/Main.storyboard; sourceTree = "<group>"; };
		73330CC221A3F61900233E6D /* Assets.xcassets */ = {isa = PBXFileReference; lastKnownFileType = folder.assetcatalog; path = Assets.xcassets; sourceTree = "<group>"; };
		73330CC521A3F61900233E6D /* Base */ = {isa = PBXFileReference; lastKnownFileType = file.storyboard; name = Base; path = Base.lproj/LaunchScreen.storyboard; sourceTree = "<group>"; };
		73330CC721A3F61900233E6D /* Info.plist */ = {isa = PBXFileReference; lastKnownFileType = text.plist.xml; path = Info.plist; sourceTree = "<group>"; };
		73330CC821A3F61900233E6D /* main.m */ = {isa = PBXFileReference; lastKnownFileType = sourcecode.c.objc; path = main.m; sourceTree = "<group>"; };
		73330CD021A3F6FB00233E6D /* LXCategory.h */ = {isa = PBXFileReference; lastKnownFileType = sourcecode.c.h; path = LXCategory.h; sourceTree = "<group>"; };
		73330CD721A3F91400233E6D /* LXDefine.h */ = {isa = PBXFileReference; lastKnownFileType = sourcecode.c.h; path = LXDefine.h; sourceTree = "<group>"; };
		73337B1321E5AB1200200EB3 /* NSArray+LXCategory.h */ = {isa = PBXFileReference; lastKnownFileType = sourcecode.c.h; path = "NSArray+LXCategory.h"; sourceTree = "<group>"; };
		73337B1421E5AB1200200EB3 /* NSArray+LXCategory.m */ = {isa = PBXFileReference; lastKnownFileType = sourcecode.c.objc; path = "NSArray+LXCategory.m"; sourceTree = "<group>"; };
		73337B1621E5AB1F00200EB3 /* NSDictionary+LXCategory.h */ = {isa = PBXFileReference; lastKnownFileType = sourcecode.c.h; path = "NSDictionary+LXCategory.h"; sourceTree = "<group>"; };
		73337B1721E5AB1F00200EB3 /* NSDictionary+LXCategory.m */ = {isa = PBXFileReference; lastKnownFileType = sourcecode.c.objc; path = "NSDictionary+LXCategory.m"; sourceTree = "<group>"; };
		73337B1921E5AB4400200EB3 /* NSDate+LXCategory.h */ = {isa = PBXFileReference; lastKnownFileType = sourcecode.c.h; path = "NSDate+LXCategory.h"; sourceTree = "<group>"; };
		73337B1A21E5AB4400200EB3 /* NSDate+LXCategory.m */ = {isa = PBXFileReference; lastKnownFileType = sourcecode.c.objc; path = "NSDate+LXCategory.m"; sourceTree = "<group>"; };
		73337B1C21E5AB5300200EB3 /* NSObject+LXCategory.h */ = {isa = PBXFileReference; lastKnownFileType = sourcecode.c.h; path = "NSObject+LXCategory.h"; sourceTree = "<group>"; };
		73337B1D21E5AB5300200EB3 /* NSObject+LXCategory.m */ = {isa = PBXFileReference; lastKnownFileType = sourcecode.c.objc; path = "NSObject+LXCategory.m"; sourceTree = "<group>"; };
		73337B1F21E5ACCF00200EB3 /* NSTimer+LXCategory.h */ = {isa = PBXFileReference; lastKnownFileType = sourcecode.c.h; path = "NSTimer+LXCategory.h"; sourceTree = "<group>"; };
		73337B2021E5ACCF00200EB3 /* NSTimer+LXCategory.m */ = {isa = PBXFileReference; lastKnownFileType = sourcecode.c.objc; path = "NSTimer+LXCategory.m"; sourceTree = "<group>"; };
		734555F621A4266C006866A5 /* UIKit.framework */ = {isa = PBXFileReference; lastKnownFileType = wrapper.framework; name = UIKit.framework; path = System/Library/Frameworks/UIKit.framework; sourceTree = SDKROOT; };
		734555FC21A4271D006866A5 /* Foundation.framework */ = {isa = PBXFileReference; lastKnownFileType = wrapper.framework; name = Foundation.framework; path = System/Library/Frameworks/Foundation.framework; sourceTree = SDKROOT; };
		735C555521E8240C00030E22 /* NSFileManager+LXCategory.h */ = {isa = PBXFileReference; lastKnownFileType = sourcecode.c.h; path = "NSFileManager+LXCategory.h"; sourceTree = "<group>"; };
		735C555621E8240C00030E22 /* NSFileManager+LXCategory.m */ = {isa = PBXFileReference; lastKnownFileType = sourcecode.c.objc; path = "NSFileManager+LXCategory.m"; sourceTree = "<group>"; };
		735C568E21E8922100030E22 /* LXActivityIndicatorViewChainModel.h */ = {isa = PBXFileReference; lastKnownFileType = sourcecode.c.h; path = LXActivityIndicatorViewChainModel.h; sourceTree = "<group>"; };
		735C568F21E8922100030E22 /* LXActivityIndicatorViewChainModel.m */ = {isa = PBXFileReference; lastKnownFileType = sourcecode.c.objc; path = LXActivityIndicatorViewChainModel.m; sourceTree = "<group>"; };
		735C569121E8958D00030E22 /* LXDatePickerViewChainModel.h */ = {isa = PBXFileReference; lastKnownFileType = sourcecode.c.h; path = LXDatePickerViewChainModel.h; sourceTree = "<group>"; };
		735C569221E8958D00030E22 /* LXDatePickerViewChainModel.m */ = {isa = PBXFileReference; lastKnownFileType = sourcecode.c.objc; path = LXDatePickerViewChainModel.m; sourceTree = "<group>"; };
		735C569421E8962A00030E22 /* LXPickerViewChainModel.h */ = {isa = PBXFileReference; lastKnownFileType = sourcecode.c.h; path = LXPickerViewChainModel.h; sourceTree = "<group>"; };
		735C569521E8962A00030E22 /* LXPickerViewChainModel.m */ = {isa = PBXFileReference; lastKnownFileType = sourcecode.c.objc; path = LXPickerViewChainModel.m; sourceTree = "<group>"; };
		735C569721E8964E00030E22 /* LXProgressViewChainModel.h */ = {isa = PBXFileReference; lastKnownFileType = sourcecode.c.h; path = LXProgressViewChainModel.h; sourceTree = "<group>"; };
		735C569821E8964E00030E22 /* LXProgressViewChainModel.m */ = {isa = PBXFileReference; lastKnownFileType = sourcecode.c.objc; path = LXProgressViewChainModel.m; sourceTree = "<group>"; };
		735C569A21E8970900030E22 /* LXVisualEffectViewChainModel.h */ = {isa = PBXFileReference; lastKnownFileType = sourcecode.c.h; path = LXVisualEffectViewChainModel.h; sourceTree = "<group>"; };
		735C569B21E8970900030E22 /* LXVisualEffectViewChainModel.m */ = {isa = PBXFileReference; lastKnownFileType = sourcecode.c.objc; path = LXVisualEffectViewChainModel.m; sourceTree = "<group>"; };
		735C569D21E8973400030E22 /* LXSliderViewChainModel.h */ = {isa = PBXFileReference; lastKnownFileType = sourcecode.c.h; path = LXSliderViewChainModel.h; sourceTree = "<group>"; };
		735C569E21E8973400030E22 /* LXSliderViewChainModel.m */ = {isa = PBXFileReference; lastKnownFileType = sourcecode.c.objc; path = LXSliderViewChainModel.m; sourceTree = "<group>"; };
		735C56A021E8975600030E22 /* LXSegmentedControlChainModel.h */ = {isa = PBXFileReference; lastKnownFileType = sourcecode.c.h; path = LXSegmentedControlChainModel.h; sourceTree = "<group>"; };
		735C56A121E8975600030E22 /* LXSegmentedControlChainModel.m */ = {isa = PBXFileReference; lastKnownFileType = sourcecode.c.objc; path = LXSegmentedControlChainModel.m; sourceTree = "<group>"; };
		7362520621DCD4130049F5E2 /* LXPinchGestureChainModel.m */ = {isa = PBXFileReference; fileEncoding = 4; lastKnownFileType = sourcecode.c.objc; path = LXPinchGestureChainModel.m; sourceTree = "<group>"; };
		7362520721DCD4130049F5E2 /* LXBaseGestureChainModel.h */ = {isa = PBXFileReference; fileEncoding = 4; lastKnownFileType = sourcecode.c.h; path = LXBaseGestureChainModel.h; sourceTree = "<group>"; };
		7362520821DCD4130049F5E2 /* LXTapGestureChainModel.h */ = {isa = PBXFileReference; fileEncoding = 4; lastKnownFileType = sourcecode.c.h; path = LXTapGestureChainModel.h; sourceTree = "<group>"; };
		7362520921DCD4130049F5E2 /* LXRotationGestureChainModel.h */ = {isa = PBXFileReference; fileEncoding = 4; lastKnownFileType = sourcecode.c.h; path = LXRotationGestureChainModel.h; sourceTree = "<group>"; };
		7362520A21DCD4130049F5E2 /* LXPanGestureChainModel.m */ = {isa = PBXFileReference; fileEncoding = 4; lastKnownFileType = sourcecode.c.objc; path = LXPanGestureChainModel.m; sourceTree = "<group>"; };
		7362520B21DCD4130049F5E2 /* LXLongPressGestureChainModel.m */ = {isa = PBXFileReference; fileEncoding = 4; lastKnownFileType = sourcecode.c.objc; path = LXLongPressGestureChainModel.m; sourceTree = "<group>"; };
		7362520C21DCD4130049F5E2 /* LXSwipeGestureChainModel.m */ = {isa = PBXFileReference; fileEncoding = 4; lastKnownFileType = sourcecode.c.objc; path = LXSwipeGestureChainModel.m; sourceTree = "<group>"; };
		7362520D21DCD4130049F5E2 /* LXTapGestureChainModel.m */ = {isa = PBXFileReference; fileEncoding = 4; lastKnownFileType = sourcecode.c.objc; path = LXTapGestureChainModel.m; sourceTree = "<group>"; };
		7362520E21DCD4130049F5E2 /* LXPinchGestureChainModel.h */ = {isa = PBXFileReference; fileEncoding = 4; lastKnownFileType = sourcecode.c.h; path = LXPinchGestureChainModel.h; sourceTree = "<group>"; };
		7362520F21DCD4130049F5E2 /* LXBaseGestureChainModel.m */ = {isa = PBXFileReference; fileEncoding = 4; lastKnownFileType = sourcecode.c.objc; path = LXBaseGestureChainModel.m; sourceTree = "<group>"; };
		7362521021DCD4130049F5E2 /* LXRotationGestureChainModel.m */ = {isa = PBXFileReference; fileEncoding = 4; lastKnownFileType = sourcecode.c.objc; path = LXRotationGestureChainModel.m; sourceTree = "<group>"; };
		7362521121DCD4130049F5E2 /* LXSwipeGestureChainModel.h */ = {isa = PBXFileReference; fileEncoding = 4; lastKnownFileType = sourcecode.c.h; path = LXSwipeGestureChainModel.h; sourceTree = "<group>"; };
		7362521221DCD4130049F5E2 /* LXLongPressGestureChainModel.h */ = {isa = PBXFileReference; fileEncoding = 4; lastKnownFileType = sourcecode.c.h; path = LXLongPressGestureChainModel.h; sourceTree = "<group>"; };
		7362521321DCD4130049F5E2 /* LXPanGestureChainModel.h */ = {isa = PBXFileReference; fileEncoding = 4; lastKnownFileType = sourcecode.c.h; path = LXPanGestureChainModel.h; sourceTree = "<group>"; };
		7362521521DCD4130049F5E2 /* LXBaseViewChainModel.m */ = {isa = PBXFileReference; fileEncoding = 4; lastKnownFileType = sourcecode.c.objc; path = LXBaseViewChainModel.m; sourceTree = "<group>"; };
		7362521621DCD4130049F5E2 /* LXTableViewChainModel.m */ = {isa = PBXFileReference; fileEncoding = 4; lastKnownFileType = sourcecode.c.objc; path = LXTableViewChainModel.m; sourceTree = "<group>"; };
		7362521721DCD4130049F5E2 /* LXCollectionViewChainModel.m */ = {isa = PBXFileReference; fileEncoding = 4; lastKnownFileType = sourcecode.c.objc; path = LXCollectionViewChainModel.m; sourceTree = "<group>"; };
		7362521821DCD4130049F5E2 /* LXButtonChainModel.m */ = {isa = PBXFileReference; fileEncoding = 4; lastKnownFileType = sourcecode.c.objc; path = LXButtonChainModel.m; sourceTree = "<group>"; };
		7362521921DCD4130049F5E2 /* LXViewChainModel.h */ = {isa = PBXFileReference; fileEncoding = 4; lastKnownFileType = sourcecode.c.h; path = LXViewChainModel.h; sourceTree = "<group>"; };
		7362521A21DCD4130049F5E2 /* LXTableViewCellChainModel.m */ = {isa = PBXFileReference; fileEncoding = 4; lastKnownFileType = sourcecode.c.objc; path = LXTableViewCellChainModel.m; sourceTree = "<group>"; };
		7362521B21DCD4130049F5E2 /* LXTextViewChainModel.m */ = {isa = PBXFileReference; fileEncoding = 4; lastKnownFileType = sourcecode.c.objc; path = LXTextViewChainModel.m; sourceTree = "<group>"; };
		7362521C21DCD4130049F5E2 /* UIView+LXChain.m */ = {isa = PBXFileReference; fileEncoding = 4; lastKnownFileType = sourcecode.c.objc; path = "UIView+LXChain.m"; sourceTree = "<group>"; };
		7362521D21DCD4130049F5E2 /* LXSwitchChainModel.m */ = {isa = PBXFileReference; fileEncoding = 4; lastKnownFileType = sourcecode.c.objc; path = LXSwitchChainModel.m; sourceTree = "<group>"; };
		7362521E21DCD4130049F5E2 /* LXTextFieldChainModel.m */ = {isa = PBXFileReference; fileEncoding = 4; lastKnownFileType = sourcecode.c.objc; path = LXTextFieldChainModel.m; sourceTree = "<group>"; };
		7362521F21DCD4130049F5E2 /* LXControlChainModel.m */ = {isa = PBXFileReference; fileEncoding = 4; lastKnownFileType = sourcecode.c.objc; path = LXControlChainModel.m; sourceTree = "<group>"; };
		7362522021DCD4130049F5E2 /* LXWebViewChainModel.h */ = {isa = PBXFileReference; fileEncoding = 4; lastKnownFileType = sourcecode.c.h; path = LXWebViewChainModel.h; sourceTree = "<group>"; };
		7362522121DCD4130049F5E2 /* LXLabelChainModel.m */ = {isa = PBXFileReference; fileEncoding = 4; lastKnownFileType = sourcecode.c.objc; path = LXLabelChainModel.m; sourceTree = "<group>"; };
		7362522221DCD4130049F5E2 /* LXImageViewChainModel.h */ = {isa = PBXFileReference; fileEncoding = 4; lastKnownFileType = sourcecode.c.h; path = LXImageViewChainModel.h; sourceTree = "<group>"; };
		7362522321DCD4130049F5E2 /* LXScrollViewChainModel.m */ = {isa = PBXFileReference; fileEncoding = 4; lastKnownFileType = sourcecode.c.objc; path = LXScrollViewChainModel.m; sourceTree = "<group>"; };
		7362522421DCD4130049F5E2 /* LXTableViewChainModel.h */ = {isa = PBXFileReference; fileEncoding = 4; lastKnownFileType = sourcecode.c.h; path = LXTableViewChainModel.h; sourceTree = "<group>"; };
		7362522521DCD4130049F5E2 /* LXBaseViewChainModel.h */ = {isa = PBXFileReference; fileEncoding = 4; lastKnownFileType = sourcecode.c.h; path = LXBaseViewChainModel.h; sourceTree = "<group>"; };
		7362522621DCD4130049F5E2 /* LXTableViewCellChainModel.h */ = {isa = PBXFileReference; fileEncoding = 4; lastKnownFileType = sourcecode.c.h; path = LXTableViewCellChainModel.h; sourceTree = "<group>"; };
		7362522721DCD4130049F5E2 /* LXViewChainModel.m */ = {isa = PBXFileReference; fileEncoding = 4; lastKnownFileType = sourcecode.c.objc; path = LXViewChainModel.m; sourceTree = "<group>"; };
		7362522821DCD4130049F5E2 /* LXButtonChainModel.h */ = {isa = PBXFileReference; fileEncoding = 4; lastKnownFileType = sourcecode.c.h; path = LXButtonChainModel.h; sourceTree = "<group>"; };
		7362522921DCD4130049F5E2 /* LXCollectionViewChainModel.h */ = {isa = PBXFileReference; fileEncoding = 4; lastKnownFileType = sourcecode.c.h; path = LXCollectionViewChainModel.h; sourceTree = "<group>"; };
		7362522A21DCD4130049F5E2 /* LXLabelChainModel.h */ = {isa = PBXFileReference; fileEncoding = 4; lastKnownFileType = sourcecode.c.h; path = LXLabelChainModel.h; sourceTree = "<group>"; };
		7362522B21DCD4130049F5E2 /* LXWebViewChainModel.m */ = {isa = PBXFileReference; fileEncoding = 4; lastKnownFileType = sourcecode.c.objc; path = LXWebViewChainModel.m; sourceTree = "<group>"; };
		7362522C21DCD4130049F5E2 /* LXControlChainModel.h */ = {isa = PBXFileReference; fileEncoding = 4; lastKnownFileType = sourcecode.c.h; path = LXControlChainModel.h; sourceTree = "<group>"; };
		7362522D21DCD4130049F5E2 /* LXTextFieldChainModel.h */ = {isa = PBXFileReference; fileEncoding = 4; lastKnownFileType = sourcecode.c.h; path = LXTextFieldChainModel.h; sourceTree = "<group>"; };
		7362522E21DCD4130049F5E2 /* LXSwitchChainModel.h */ = {isa = PBXFileReference; fileEncoding = 4; lastKnownFileType = sourcecode.c.h; path = LXSwitchChainModel.h; sourceTree = "<group>"; };
		7362522F21DCD4130049F5E2 /* UIView+LXChain.h */ = {isa = PBXFileReference; fileEncoding = 4; lastKnownFileType = sourcecode.c.h; path = "UIView+LXChain.h"; sourceTree = "<group>"; };
		7362523021DCD4130049F5E2 /* LXTextViewChainModel.h */ = {isa = PBXFileReference; fileEncoding = 4; lastKnownFileType = sourcecode.c.h; path = LXTextViewChainModel.h; sourceTree = "<group>"; };
		7362523121DCD4130049F5E2 /* LXScrollViewChainModel.h */ = {isa = PBXFileReference; fileEncoding = 4; lastKnownFileType = sourcecode.c.h; path = LXScrollViewChainModel.h; sourceTree = "<group>"; };
		7362523221DCD4130049F5E2 /* LXImageViewChainModel.m */ = {isa = PBXFileReference; fileEncoding = 4; lastKnownFileType = sourcecode.c.objc; path = LXImageViewChainModel.m; sourceTree = "<group>"; };
		7362523321DCD4130049F5E2 /* LXChainDefine.h */ = {isa = PBXFileReference; fileEncoding = 4; lastKnownFileType = sourcecode.c.h; path = LXChainDefine.h; sourceTree = "<group>"; };
		73BAD06A21D3A50000B1A274 /* UIView+LXCategory.h */ = {isa = PBXFileReference; lastKnownFileType = sourcecode.c.h; path = "UIView+LXCategory.h"; sourceTree = "<group>"; };
		73BAD06B21D3A50000B1A274 /* UIView+LXCategory.m */ = {isa = PBXFileReference; lastKnownFileType = sourcecode.c.objc; path = "UIView+LXCategory.m"; sourceTree = "<group>"; };
		D63FBC8AC944254A539CB132 /* Pods-LXCategory.release.xcconfig */ = {isa = PBXFileReference; includeInIndex = 1; lastKnownFileType = text.xcconfig; name = "Pods-LXCategory.release.xcconfig"; path = "Pods/Target Support Files/Pods-LXCategory/Pods-LXCategory.release.xcconfig"; sourceTree = "<group>"; };
/* End PBXFileReference section */

/* Begin PBXFrameworksBuildPhase section */
		73330CB321A3F61700233E6D /* Frameworks */ = {
			isa = PBXFrameworksBuildPhase;
			buildActionMask = 2147483647;
			files = (
				734555FD21A4271D006866A5 /* Foundation.framework in Frameworks */,
				734555F721A4266C006866A5 /* UIKit.framework in Frameworks */,
				71FD1F3F1FA70268B805C363 /* libPods-LXCategory.a in Frameworks */,
			);
			runOnlyForDeploymentPostprocessing = 0;
		};
/* End PBXFrameworksBuildPhase section */

/* Begin PBXGroup section */
		0B12602A1CD458867408E6C3 /* Pods */ = {
			isa = PBXGroup;
			children = (
				2FD3EB69EB37647FA5973E38 /* Pods-LXCategory.debug.xcconfig */,
				D63FBC8AC944254A539CB132 /* Pods-LXCategory.release.xcconfig */,
			);
			name = Pods;
			sourceTree = "<group>";
		};
		7311F1C921A7D0710053E2C7 /* Category */ = {
			isa = PBXGroup;
			children = (
				73BAD06A21D3A50000B1A274 /* UIView+LXCategory.h */,
				73BAD06B21D3A50000B1A274 /* UIView+LXCategory.m */,
				731487C621D4759100480F08 /* UIControl+LXCategory.h */,
				731487C721D4759100480F08 /* UIControl+LXCategory.m */,
				731487E221D4EC6700480F08 /* UIColor+LXCategory.h */,
				731487E321D4EC6700480F08 /* UIColor+LXCategory.m */,
				731487E521D4EED400480F08 /* UITableView+LXCategory.h */,
				731487E621D4EED400480F08 /* UITableView+LXCategory.m */,
				73168F0321E31D6A005A6879 /* UIScrollView+LXCategory.h */,
				73168F0421E31D6A005A6879 /* UIScrollView+LXCategory.m */,
				7307CF8F21D646240005C962 /* UIGestureRecognizer+LXCategory.h */,
				7307CF9021D646240005C962 /* UIGestureRecognizer+LXCategory.m */,
				7307CF9221D6463C0005C962 /* UIFont+LXCategory.h */,
				7307CF9321D6463C0005C962 /* UIFont+LXCategory.m */,
				7307CF9521D6465E0005C962 /* UICollectionView+LXCategory.h */,
				7307CF9621D6465E0005C962 /* UICollectionView+LXCategory.m */,
				7307CF9821D646790005C962 /* UIScreen+LXCategory.h */,
				7307CF9921D646790005C962 /* UIScreen+LXCategory.m */,
				73168F0621E338CF005A6879 /* UIApplication+LXCategory.h */,
				73168F0721E338CF005A6879 /* UIApplication+LXCategory.m */,
				7307CF9B21D6468C0005C962 /* UIDevice+LXCategory.h */,
				7307CF9C21D6468C0005C962 /* UIDevice+LXCategory.m */,
				7307CF9E21D6469C0005C962 /* UIImage+LXCategory.h */,
				7307CF9F21D6469C0005C962 /* UIImage+LXCategory.m */,
				7307CFA121D646B00005C962 /* UILabel+LXCategory.h */,
				7307CFA221D646B00005C962 /* UILabel+LXCategory.m */,
				7307CFA421D646BD0005C962 /* UIButton+LXCategory.h */,
				7307CFA521D646BD0005C962 /* UIButton+LXCategory.m */,
				7307CFA721D646DE0005C962 /* UITextField+LXCategory.h */,
				7307CFA821D646DE0005C962 /* UITextField+LXCategory.m */,
				7307E05B21DC6484000752F6 /* UIAlertController+LXCategory.h */,
				7307E05C21DC6484000752F6 /* UIAlertController+LXCategory.m */,
			);
			path = Category;
			sourceTree = "<group>";
		};
		731487DB21D4EB9400480F08 /* BaseViewController */ = {
			isa = PBXGroup;
			children = (
				731487DE21D4EBBC00480F08 /* LXommonNavigationBar.h */,
				731487DC21D4EBBB00480F08 /* LXommonNavigationBar.m */,
				731487DD21D4EBBB00480F08 /* LXommonViewController.h */,
				731487DF21D4EBBC00480F08 /* LXommonViewController.m */,
			);
			path = BaseViewController;
			sourceTree = "<group>";
		};
		73168EFE21E2F421005A6879 /* Custom */ = {
			isa = PBXGroup;
			children = (
				73168EFF21E2F421005A6879 /* LXSafeDictionary */,
			);
			path = Custom;
			sourceTree = "<group>";
		};
		73168EFF21E2F421005A6879 /* LXSafeDictionary */ = {
			isa = PBXGroup;
			children = (
				73168EFB21E2EBE6005A6879 /* LXSafeDictionary.h */,
				73168EFC21E2EBE6005A6879 /* LXSafeDictionary.m */,
			);
			path = LXSafeDictionary;
			sourceTree = "<group>";
		};
		73330CAD21A3F61700233E6D = {
			isa = PBXGroup;
			children = (
				73330CB821A3F61800233E6D /* LXCategory */,
				73330CB721A3F61800233E6D /* Products */,
				734555F521A4266C006866A5 /* Frameworks */,
				0B12602A1CD458867408E6C3 /* Pods */,
			);
			sourceTree = "<group>";
		};
		73330CB721A3F61800233E6D /* Products */ = {
			isa = PBXGroup;
			children = (
				73330CB621A3F61800233E6D /* LXCategory.app */,
			);
			name = Products;
			sourceTree = "<group>";
		};
		73330CB821A3F61800233E6D /* LXCategory */ = {
			isa = PBXGroup;
			children = (
				731487DB21D4EB9400480F08 /* BaseViewController */,
				73330CCF21A3F6D600233E6D /* LXCategory */,
				73330CB921A3F61800233E6D /* AppDelegate.h */,
				73330CBA21A3F61800233E6D /* AppDelegate.m */,
				7319C6E021DEED0500156813 /* 11.gif */,
				73330CBC21A3F61800233E6D /* ViewController.h */,
				73330CBD21A3F61800233E6D /* ViewController.m */,
				73168F0021E2F8E3005A6879 /* LXMa1.h */,
				73168F0121E2F8E3005A6879 /* LXMa1.m */,
				7311819F21DDF6F900077485 /* Bitmap@2x.png */,
				73330CBF21A3F61800233E6D /* Main.storyboard */,
				73330CC221A3F61900233E6D /* Assets.xcassets */,
				73330CC421A3F61900233E6D /* LaunchScreen.storyboard */,
				73330CC721A3F61900233E6D /* Info.plist */,
				73330CC821A3F61900233E6D /* main.m */,
			);
			path = LXCategory;
			sourceTree = "<group>";
		};
		73330CCF21A3F6D600233E6D /* LXCategory */ = {
			isa = PBXGroup;
			children = (
				73330CD021A3F6FB00233E6D /* LXCategory.h */,
				73330CD121A3F72200233E6D /* Foundattion */,
				73330CD221A3F72300233E6D /* UI */,
				73330CD621A3F7A900233E6D /* Other */,
			);
			path = LXCategory;
			sourceTree = "<group>";
		};
		73330CD121A3F72200233E6D /* Foundattion */ = {
			isa = PBXGroup;
			children = (
				731181A421DE26FC00077485 /* NSString+LXCategory.h */,
				731181A521DE26FC00077485 /* NSString+LXCategory.m */,
				73168F3A21E34183005A6879 /* NSData+LXCategory.h */,
				73168F3B21E34183005A6879 /* NSData+LXCategory.m */,
				731181AA21DE2D5C00077485 /* NSAttributedString+LXCategory.h */,
				731181AB21DE2D5C00077485 /* NSAttributedString+LXCategory.m */,
				730A1EA321E44CEB003D9A1F /* NSNumber+LXCategory.h */,
				730A1EA421E44CEB003D9A1F /* NSNumber+LXCategory.m */,
				73337B1321E5AB1200200EB3 /* NSArray+LXCategory.h */,
				73337B1421E5AB1200200EB3 /* NSArray+LXCategory.m */,
				73337B1621E5AB1F00200EB3 /* NSDictionary+LXCategory.h */,
				73337B1721E5AB1F00200EB3 /* NSDictionary+LXCategory.m */,
				73337B1921E5AB4400200EB3 /* NSDate+LXCategory.h */,
				73337B1A21E5AB4400200EB3 /* NSDate+LXCategory.m */,
				73337B1C21E5AB5300200EB3 /* NSObject+LXCategory.h */,
				73337B1D21E5AB5300200EB3 /* NSObject+LXCategory.m */,
				73337B1F21E5ACCF00200EB3 /* NSTimer+LXCategory.h */,
				73337B2021E5ACCF00200EB3 /* NSTimer+LXCategory.m */,
				735C555521E8240C00030E22 /* NSFileManager+LXCategory.h */,
				735C555621E8240C00030E22 /* NSFileManager+LXCategory.m */,
			);
			path = Foundattion;
			sourceTree = "<group>";
		};
		73330CD221A3F72300233E6D /* UI */ = {
			isa = PBXGroup;
			children = (
				7311F1C921A7D0710053E2C7 /* Category */,
			);
			path = UI;
			sourceTree = "<group>";
		};
		73330CD621A3F7A900233E6D /* Other */ = {
			isa = PBXGroup;
			children = (
				73330CD721A3F91400233E6D /* LXDefine.h */,
				73168EFE21E2F421005A6879 /* Custom */,
				73BAD06621D397F700B1A274 /* LXChain */,
			);
			path = Other;
			sourceTree = "<group>";
		};
		734555F521A4266C006866A5 /* Frameworks */ = {
			isa = PBXGroup;
			children = (
				734555FC21A4271D006866A5 /* Foundation.framework */,
				734555F621A4266C006866A5 /* UIKit.framework */,
				1532E8ED1E93FFE6A822366F /* libPods-LXCategory.a */,
			);
			name = Frameworks;
			sourceTree = "<group>";
		};
		7362520421DCD4130049F5E2 /* CALayer */ = {
			isa = PBXGroup;
			children = (
				7311819A21DDD3F900077485 /* LXBaseLayerChainModel.h */,
				7311819B21DDD3F900077485 /* LXBaseLayerChainModel.m */,
				7319C6E221DF00B600156813 /* LXLayerChainModel.h */,
				7319C6E321DF00B600156813 /* LXLayerChainModel.m */,
				7319C6EB21DF31F300156813 /* LXShaperLayerChainModel.h */,
				7319C6EC21DF31F300156813 /* LXShaperLayerChainModel.m */,
				7319C6F121DF321F00156813 /* LXEmiiterLayerChainModel.h */,
				7319C6F221DF321F00156813 /* LXEmiiterLayerChainModel.m */,
				7319C6F421DF323100156813 /* LXScrollLayerChainModel.h */,
				7319C6F521DF323100156813 /* LXScrollLayerChainModel.m */,
				7319C6F721DF324200156813 /* LXTextLayerChainModel.h */,
				7319C6F821DF324200156813 /* LXTextLayerChainModel.m */,
				7319C6FA21DF325200156813 /* LXTiledLayerChainModel.h */,
				7319C6FB21DF325200156813 /* LXTiledLayerChainModel.m */,
				7319C6FD21DF326600156813 /* LXTransFormLayerChainModel.h */,
				7319C6FE21DF326600156813 /* LXTransFormLayerChainModel.m */,
				7319C70021DF327E00156813 /* LXGradientLayerChainModel.h */,
				7319C70121DF327E00156813 /* LXGradientLayerChainModel.m */,
				7319C70321DF329C00156813 /* LXReplicatorLayerChainModel.h */,
				7319C70421DF329C00156813 /* LXReplicatorLayerChainModel.m */,
				7319C6EA21DF158A00156813 /* LXLayerChainHeader.h */,
				7319C70621DF4CA100156813 /* CALayer+LXChain.h */,
				7319C70721DF4CA100156813 /* CALayer+LXChain.m */,
			);
			path = CALayer;
			sourceTree = "<group>";
		};
		7362520521DCD4130049F5E2 /* UIGesture */ = {
			isa = PBXGroup;
			children = (
				7362520721DCD4130049F5E2 /* LXBaseGestureChainModel.h */,
				7362520F21DCD4130049F5E2 /* LXBaseGestureChainModel.m */,
				7362521321DCD4130049F5E2 /* LXPanGestureChainModel.h */,
				7362520A21DCD4130049F5E2 /* LXPanGestureChainModel.m */,
				7362521121DCD4130049F5E2 /* LXSwipeGestureChainModel.h */,
				7362520C21DCD4130049F5E2 /* LXSwipeGestureChainModel.m */,
				7362520821DCD4130049F5E2 /* LXTapGestureChainModel.h */,
				7362520D21DCD4130049F5E2 /* LXTapGestureChainModel.m */,
				7362520E21DCD4130049F5E2 /* LXPinchGestureChainModel.h */,
				7362520621DCD4130049F5E2 /* LXPinchGestureChainModel.m */,
				7362520921DCD4130049F5E2 /* LXRotationGestureChainModel.h */,
				7362521021DCD4130049F5E2 /* LXRotationGestureChainModel.m */,
				7362521221DCD4130049F5E2 /* LXLongPressGestureChainModel.h */,
				7362520B21DCD4130049F5E2 /* LXLongPressGestureChainModel.m */,
				7319C6E921DF157C00156813 /* LXGestureChainHeader.h */,
			);
			path = UIGesture;
			sourceTree = "<group>";
		};
		7362521421DCD4130049F5E2 /* UIView */ = {
			isa = PBXGroup;
			children = (
				7362522521DCD4130049F5E2 /* LXBaseViewChainModel.h */,
				7362521521DCD4130049F5E2 /* LXBaseViewChainModel.m */,
				7362522921DCD4130049F5E2 /* LXCollectionViewChainModel.h */,
				7362521721DCD4130049F5E2 /* LXCollectionViewChainModel.m */,
				7362521921DCD4130049F5E2 /* LXViewChainModel.h */,
				7362522721DCD4130049F5E2 /* LXViewChainModel.m */,
				7362522F21DCD4130049F5E2 /* UIView+LXChain.h */,
				7362521C21DCD4130049F5E2 /* UIView+LXChain.m */,
				7362522E21DCD4130049F5E2 /* LXSwitchChainModel.h */,
				7362521D21DCD4130049F5E2 /* LXSwitchChainModel.m */,
				7362522C21DCD4130049F5E2 /* LXControlChainModel.h */,
				7362521F21DCD4130049F5E2 /* LXControlChainModel.m */,
				7362522A21DCD4130049F5E2 /* LXLabelChainModel.h */,
				7362522121DCD4130049F5E2 /* LXLabelChainModel.m */,
				7362523121DCD4130049F5E2 /* LXScrollViewChainModel.h */,
				7362522321DCD4130049F5E2 /* LXScrollViewChainModel.m */,
				7362522421DCD4130049F5E2 /* LXTableViewChainModel.h */,
				7362521621DCD4130049F5E2 /* LXTableViewChainModel.m */,
				7362522621DCD4130049F5E2 /* LXTableViewCellChainModel.h */,
				7362521A21DCD4130049F5E2 /* LXTableViewCellChainModel.m */,
				7362522821DCD4130049F5E2 /* LXButtonChainModel.h */,
				7362521821DCD4130049F5E2 /* LXButtonChainModel.m */,
				7362522021DCD4130049F5E2 /* LXWebViewChainModel.h */,
				7362522B21DCD4130049F5E2 /* LXWebViewChainModel.m */,
				7362522D21DCD4130049F5E2 /* LXTextFieldChainModel.h */,
				7362521E21DCD4130049F5E2 /* LXTextFieldChainModel.m */,
				7362521B21DCD4130049F5E2 /* LXTextViewChainModel.m */,
				7362523021DCD4130049F5E2 /* LXTextViewChainModel.h */,
				7362522221DCD4130049F5E2 /* LXImageViewChainModel.h */,
				7362523221DCD4130049F5E2 /* LXImageViewChainModel.m */,
				735C568E21E8922100030E22 /* LXActivityIndicatorViewChainModel.h */,
				735C568F21E8922100030E22 /* LXActivityIndicatorViewChainModel.m */,
				735C569121E8958D00030E22 /* LXDatePickerViewChainModel.h */,
				735C569221E8958D00030E22 /* LXDatePickerViewChainModel.m */,
				735C569421E8962A00030E22 /* LXPickerViewChainModel.h */,
				735C569521E8962A00030E22 /* LXPickerViewChainModel.m */,
				735C569721E8964E00030E22 /* LXProgressViewChainModel.h */,
				735C569821E8964E00030E22 /* LXProgressViewChainModel.m */,
				735C569A21E8970900030E22 /* LXVisualEffectViewChainModel.h */,
				735C569B21E8970900030E22 /* LXVisualEffectViewChainModel.m */,
				735C569D21E8973400030E22 /* LXSliderViewChainModel.h */,
				735C569E21E8973400030E22 /* LXSliderViewChainModel.m */,
				735C56A021E8975600030E22 /* LXSegmentedControlChainModel.h */,
				735C56A121E8975600030E22 /* LXSegmentedControlChainModel.m */,
				7319C6E821DF156900156813 /* LXViewChainHeader.h */,
			);
			path = UIView;
			sourceTree = "<group>";
		};
		73BAD06621D397F700B1A274 /* LXChain */ = {
			isa = PBXGroup;
			children = (
				7362520421DCD4130049F5E2 /* CALayer */,
				7362523321DCD4130049F5E2 /* LXChainDefine.h */,
				7362520521DCD4130049F5E2 /* UIGesture */,
				7362521421DCD4130049F5E2 /* UIView */,
			);
			path = LXChain;
			sourceTree = "<group>";
		};
/* End PBXGroup section */

/* Begin PBXNativeTarget section */
		73330CB521A3F61700233E6D /* LXCategory */ = {
			isa = PBXNativeTarget;
			buildConfigurationList = 73330CCC21A3F61900233E6D /* Build configuration list for PBXNativeTarget "LXCategory" */;
			buildPhases = (
				4B2024607B6138943914D333 /* [CP] Check Pods Manifest.lock */,
				73330CB221A3F61700233E6D /* Sources */,
				73330CB321A3F61700233E6D /* Frameworks */,
				73330CB421A3F61700233E6D /* Resources */,
				D9750063F22157052727CD55 /* [CP] Embed Pods Frameworks */,
				4E9D769CFBD4614C784FE74E /* [CP] Copy Pods Resources */,
			);
			buildRules = (
			);
			dependencies = (
			);
			name = LXCategory;
			productName = LXCategory;
			productReference = 73330CB621A3F61800233E6D /* LXCategory.app */;
			productType = "com.apple.product-type.application";
		};
/* End PBXNativeTarget section */

/* Begin PBXProject section */
		73330CAE21A3F61700233E6D /* Project object */ = {
			isa = PBXProject;
			attributes = {
				CLASSPREFIX = LX;
				LastUpgradeCheck = 1010;
				ORGANIZATIONNAME = xllpp;
				TargetAttributes = {
					73330CB521A3F61700233E6D = {
						CreatedOnToolsVersion = 10.1;
					};
				};
			};
			buildConfigurationList = 73330CB121A3F61700233E6D /* Build configuration list for PBXProject "LXCategory" */;
			compatibilityVersion = "Xcode 9.3";
			developmentRegion = en;
			hasScannedForEncodings = 0;
			knownRegions = (
				en,
				Base,
			);
			mainGroup = 73330CAD21A3F61700233E6D;
			productRefGroup = 73330CB721A3F61800233E6D /* Products */;
			projectDirPath = "";
			projectRoot = "";
			targets = (
				73330CB521A3F61700233E6D /* LXCategory */,
			);
		};
/* End PBXProject section */

/* Begin PBXResourcesBuildPhase section */
		73330CB421A3F61700233E6D /* Resources */ = {
			isa = PBXResourcesBuildPhase;
			buildActionMask = 2147483647;
			files = (
				73330CC621A3F61900233E6D /* LaunchScreen.storyboard in Resources */,
				7319C6E121DEED0500156813 /* 11.gif in Resources */,
				73330CC321A3F61900233E6D /* Assets.xcassets in Resources */,
				73330CC121A3F61800233E6D /* Main.storyboard in Resources */,
				731181A021DDF6F900077485 /* Bitmap@2x.png in Resources */,
			);
			runOnlyForDeploymentPostprocessing = 0;
		};
/* End PBXResourcesBuildPhase section */

/* Begin PBXShellScriptBuildPhase section */
		4B2024607B6138943914D333 /* [CP] Check Pods Manifest.lock */ = {
			isa = PBXShellScriptBuildPhase;
			buildActionMask = 2147483647;
			files = (
			);
			inputPaths = (
				"${PODS_PODFILE_DIR_PATH}/Podfile.lock",
				"${PODS_ROOT}/Manifest.lock",
			);
			name = "[CP] Check Pods Manifest.lock";
			outputPaths = (
				"$(DERIVED_FILE_DIR)/Pods-LXCategory-checkManifestLockResult.txt",
			);
			runOnlyForDeploymentPostprocessing = 0;
			shellPath = /bin/sh;
			shellScript = "diff \"${PODS_PODFILE_DIR_PATH}/Podfile.lock\" \"${PODS_ROOT}/Manifest.lock\" > /dev/null\nif [ $? != 0 ] ; then\n    # print error to STDERR\n    echo \"error: The sandbox is not in sync with the Podfile.lock. Run 'pod install' or update your CocoaPods installation.\" >&2\n    exit 1\nfi\n# This output is used by Xcode 'outputs' to avoid re-running this script phase.\necho \"SUCCESS\" > \"${SCRIPT_OUTPUT_FILE_0}\"\n";
			showEnvVarsInLog = 0;
		};
		4E9D769CFBD4614C784FE74E /* [CP] Copy Pods Resources */ = {
			isa = PBXShellScriptBuildPhase;
			buildActionMask = 2147483647;
			files = (
			);
			inputPaths = (
			);
			name = "[CP] Copy Pods Resources";
			outputPaths = (
			);
			runOnlyForDeploymentPostprocessing = 0;
			shellPath = /bin/sh;
			shellScript = "\"${SRCROOT}/Pods/Target Support Files/Pods-LXCategory/Pods-LXCategory-resources.sh\"\n";
			showEnvVarsInLog = 0;
		};
		D9750063F22157052727CD55 /* [CP] Embed Pods Frameworks */ = {
			isa = PBXShellScriptBuildPhase;
			buildActionMask = 2147483647;
			files = (
			);
			inputPaths = (
			);
			name = "[CP] Embed Pods Frameworks";
			outputPaths = (
			);
			runOnlyForDeploymentPostprocessing = 0;
			shellPath = /bin/sh;
			shellScript = "\"${SRCROOT}/Pods/Target Support Files/Pods-LXCategory/Pods-LXCategory-frameworks.sh\"\n";
			showEnvVarsInLog = 0;
		};
/* End PBXShellScriptBuildPhase section */

/* Begin PBXSourcesBuildPhase section */
		73330CB221A3F61700233E6D /* Sources */ = {
			isa = PBXSourcesBuildPhase;
			buildActionMask = 2147483647;
			files = (
				735C555721E8240C00030E22 /* NSFileManager+LXCategory.m in Sources */,
				7362524521DCD4130049F5E2 /* LXLabelChainModel.m in Sources */,
				7319C70221DF327E00156813 /* LXGradientLayerChainModel.m in Sources */,
				731487E021D4EBBC00480F08 /* LXommonNavigationBar.m in Sources */,
				7307CF9721D6465E0005C962 /* UICollectionView+LXCategory.m in Sources */,
				7307CFA621D646BD0005C962 /* UIButton+LXCategory.m in Sources */,
				7362523E21DCD4130049F5E2 /* LXButtonChainModel.m in Sources */,
				73168EFD21E2EBE6005A6879 /* LXSafeDictionary.m in Sources */,
				7362524621DCD4130049F5E2 /* LXScrollViewChainModel.m in Sources */,
				73168F0821E338CF005A6879 /* UIApplication+LXCategory.m in Sources */,
				7362524721DCD4130049F5E2 /* LXViewChainModel.m in Sources */,
				7362523F21DCD4130049F5E2 /* LXTableViewCellChainModel.m in Sources */,
				7362523A21DCD4130049F5E2 /* LXRotationGestureChainModel.m in Sources */,
				731181AC21DE2D5C00077485 /* NSAttributedString+LXCategory.m in Sources */,
				735C569321E8958D00030E22 /* LXDatePickerViewChainModel.m in Sources */,
				735C569621E8962A00030E22 /* LXPickerViewChainModel.m in Sources */,
				73337B1E21E5AB5300200EB3 /* NSObject+LXCategory.m in Sources */,
				7362524921DCD4130049F5E2 /* LXImageViewChainModel.m in Sources */,
				7307CF9121D646240005C962 /* UIGestureRecognizer+LXCategory.m in Sources */,
				735C569921E8964E00030E22 /* LXProgressViewChainModel.m in Sources */,
				7362524421DCD4130049F5E2 /* LXControlChainModel.m in Sources */,
				7362524321DCD4130049F5E2 /* LXTextFieldChainModel.m in Sources */,
				7307CFA021D6469C0005C962 /* UIImage+LXCategory.m in Sources */,
				735C56A221E8975600030E22 /* LXSegmentedControlChainModel.m in Sources */,
				7319C6E421DF00B600156813 /* LXLayerChainModel.m in Sources */,
				730A1EA521E44CEB003D9A1F /* NSNumber+LXCategory.m in Sources */,
				7362523821DCD4130049F5E2 /* LXTapGestureChainModel.m in Sources */,
				731487E421D4EC6700480F08 /* UIColor+LXCategory.m in Sources */,
				7319C6F321DF321F00156813 /* LXEmiiterLayerChainModel.m in Sources */,
				73337B2121E5ACCF00200EB3 /* NSTimer+LXCategory.m in Sources */,
				731487E121D4EBBC00480F08 /* LXommonViewController.m in Sources */,
				73337B1B21E5AB4400200EB3 /* NSDate+LXCategory.m in Sources */,
				731487C821D4759100480F08 /* UIControl+LXCategory.m in Sources */,
				73337B1821E5AB1F00200EB3 /* NSDictionary+LXCategory.m in Sources */,
				7362523B21DCD4130049F5E2 /* LXBaseViewChainModel.m in Sources */,
				7362524221DCD4130049F5E2 /* LXSwitchChainModel.m in Sources */,
				73330CBE21A3F61800233E6D /* ViewController.m in Sources */,
				7307CFA921D646DE0005C962 /* UITextField+LXCategory.m in Sources */,
				73330CC921A3F61900233E6D /* main.m in Sources */,
				7307E05D21DC6484000752F6 /* UIAlertController+LXCategory.m in Sources */,
				731487E721D4EED400480F08 /* UITableView+LXCategory.m in Sources */,
				7319C6FF21DF326600156813 /* LXTransFormLayerChainModel.m in Sources */,
				735C569F21E8973400030E22 /* LXSliderViewChainModel.m in Sources */,
				731181A621DE26FC00077485 /* NSString+LXCategory.m in Sources */,
				7362523721DCD4130049F5E2 /* LXSwipeGestureChainModel.m in Sources */,
				73168F0221E2F8E3005A6879 /* LXMa1.m in Sources */,
				7319C70821DF4CA100156813 /* CALayer+LXChain.m in Sources */,
				7362523621DCD4130049F5E2 /* LXLongPressGestureChainModel.m in Sources */,
				7319C6F621DF323100156813 /* LXScrollLayerChainModel.m in Sources */,
				7362523521DCD4130049F5E2 /* LXPanGestureChainModel.m in Sources */,
				73BAD06C21D3A50000B1A274 /* UIView+LXCategory.m in Sources */,
				7307CF9D21D6468C0005C962 /* UIDevice+LXCategory.m in Sources */,
				7362524021DCD4130049F5E2 /* LXTextViewChainModel.m in Sources */,
				7307CF9421D6463C0005C962 /* UIFont+LXCategory.m in Sources */,
				7319C70521DF329C00156813 /* LXReplicatorLayerChainModel.m in Sources */,
				7362523421DCD4130049F5E2 /* LXPinchGestureChainModel.m in Sources */,
				73168F0521E31D6A005A6879 /* UIScrollView+LXCategory.m in Sources */,
				73330CBB21A3F61800233E6D /* AppDelegate.m in Sources */,
				7362524821DCD4130049F5E2 /* LXWebViewChainModel.m in Sources */,
				7362523921DCD4130049F5E2 /* LXBaseGestureChainModel.m in Sources */,
				7362523C21DCD4130049F5E2 /* LXTableViewChainModel.m in Sources */,
				7362523D21DCD4130049F5E2 /* LXCollectionViewChainModel.m in Sources */,
				735C569C21E8970900030E22 /* LXVisualEffectViewChainModel.m in Sources */,
				735C569021E8922100030E22 /* LXActivityIndicatorViewChainModel.m in Sources */,
				7319C6ED21DF31F300156813 /* LXShaperLayerChainModel.m in Sources */,
				7307CFA321D646B00005C962 /* UILabel+LXCategory.m in Sources */,
				7319C6FC21DF325200156813 /* LXTiledLayerChainModel.m in Sources */,
				73337B1521E5AB1200200EB3 /* NSArray+LXCategory.m in Sources */,
				7307CF9A21D646790005C962 /* UIScreen+LXCategory.m in Sources */,
				7362524121DCD4130049F5E2 /* UIView+LXChain.m in Sources */,
				7319C6F921DF324200156813 /* LXTextLayerChainModel.m in Sources */,
				73168F3C21E34183005A6879 /* NSData+LXCategory.m in Sources */,
				7311819C21DDD3F900077485 /* LXBaseLayerChainModel.m in Sources */,
			);
			runOnlyForDeploymentPostprocessing = 0;
		};
/* End PBXSourcesBuildPhase section */

/* Begin PBXVariantGroup section */
		73330CBF21A3F61800233E6D /* Main.storyboard */ = {
			isa = PBXVariantGroup;
			children = (
				73330CC021A3F61800233E6D /* Base */,
			);
			name = Main.storyboard;
			sourceTree = "<group>";
		};
		73330CC421A3F61900233E6D /* LaunchScreen.storyboard */ = {
			isa = PBXVariantGroup;
			children = (
				73330CC521A3F61900233E6D /* Base */,
			);
			name = LaunchScreen.storyboard;
			sourceTree = "<group>";
		};
/* End PBXVariantGroup section */

/* Begin XCBuildConfiguration section */
		73330CCA21A3F61900233E6D /* Debug */ = {
			isa = XCBuildConfiguration;
			buildSettings = {
				ALWAYS_SEARCH_USER_PATHS = NO;
				CLANG_ANALYZER_NONNULL = YES;
				CLANG_ANALYZER_NUMBER_OBJECT_CONVERSION = YES_AGGRESSIVE;
				CLANG_CXX_LANGUAGE_STANDARD = "gnu++14";
				CLANG_CXX_LIBRARY = "libc++";
				CLANG_ENABLE_MODULES = YES;
				CLANG_ENABLE_OBJC_ARC = YES;
				CLANG_ENABLE_OBJC_WEAK = YES;
				CLANG_WARN_BLOCK_CAPTURE_AUTORELEASING = YES;
				CLANG_WARN_BOOL_CONVERSION = YES;
				CLANG_WARN_COMMA = YES;
				CLANG_WARN_CONSTANT_CONVERSION = YES;
				CLANG_WARN_DEPRECATED_OBJC_IMPLEMENTATIONS = YES;
				CLANG_WARN_DIRECT_OBJC_ISA_USAGE = YES_ERROR;
				CLANG_WARN_DOCUMENTATION_COMMENTS = YES;
				CLANG_WARN_EMPTY_BODY = YES;
				CLANG_WARN_ENUM_CONVERSION = YES;
				CLANG_WARN_INFINITE_RECURSION = YES;
				CLANG_WARN_INT_CONVERSION = YES;
				CLANG_WARN_NON_LITERAL_NULL_CONVERSION = YES;
				CLANG_WARN_OBJC_IMPLICIT_RETAIN_SELF = YES;
				CLANG_WARN_OBJC_LITERAL_CONVERSION = YES;
				CLANG_WARN_OBJC_ROOT_CLASS = YES_ERROR;
				CLANG_WARN_RANGE_LOOP_ANALYSIS = YES;
				CLANG_WARN_STRICT_PROTOTYPES = YES;
				CLANG_WARN_SUSPICIOUS_MOVE = YES;
				CLANG_WARN_UNGUARDED_AVAILABILITY = YES_AGGRESSIVE;
				CLANG_WARN_UNREACHABLE_CODE = YES;
				CLANG_WARN__DUPLICATE_METHOD_MATCH = YES;
				CODE_SIGN_IDENTITY = "iPhone Developer";
				COPY_PHASE_STRIP = NO;
				DEBUG_INFORMATION_FORMAT = dwarf;
				ENABLE_STRICT_OBJC_MSGSEND = YES;
				ENABLE_TESTABILITY = YES;
				GCC_C_LANGUAGE_STANDARD = gnu11;
				GCC_DYNAMIC_NO_PIC = NO;
				GCC_NO_COMMON_BLOCKS = YES;
				GCC_OPTIMIZATION_LEVEL = 0;
				GCC_PREPROCESSOR_DEFINITIONS = (
					"DEBUG=1",
					"$(inherited)",
				);
				GCC_WARN_64_TO_32_BIT_CONVERSION = YES;
				GCC_WARN_ABOUT_RETURN_TYPE = YES_ERROR;
				GCC_WARN_UNDECLARED_SELECTOR = YES;
				GCC_WARN_UNINITIALIZED_AUTOS = YES_AGGRESSIVE;
				GCC_WARN_UNUSED_FUNCTION = YES;
				GCC_WARN_UNUSED_VARIABLE = YES;
				IPHONEOS_DEPLOYMENT_TARGET = 12.1;
				MTL_ENABLE_DEBUG_INFO = INCLUDE_SOURCE;
				MTL_FAST_MATH = YES;
				ONLY_ACTIVE_ARCH = YES;
				SDKROOT = iphoneos;
			};
			name = Debug;
		};
		73330CCB21A3F61900233E6D /* Release */ = {
			isa = XCBuildConfiguration;
			buildSettings = {
				ALWAYS_SEARCH_USER_PATHS = NO;
				CLANG_ANALYZER_NONNULL = YES;
				CLANG_ANALYZER_NUMBER_OBJECT_CONVERSION = YES_AGGRESSIVE;
				CLANG_CXX_LANGUAGE_STANDARD = "gnu++14";
				CLANG_CXX_LIBRARY = "libc++";
				CLANG_ENABLE_MODULES = YES;
				CLANG_ENABLE_OBJC_ARC = YES;
				CLANG_ENABLE_OBJC_WEAK = YES;
				CLANG_WARN_BLOCK_CAPTURE_AUTORELEASING = YES;
				CLANG_WARN_BOOL_CONVERSION = YES;
				CLANG_WARN_COMMA = YES;
				CLANG_WARN_CONSTANT_CONVERSION = YES;
				CLANG_WARN_DEPRECATED_OBJC_IMPLEMENTATIONS = YES;
				CLANG_WARN_DIRECT_OBJC_ISA_USAGE = YES_ERROR;
				CLANG_WARN_DOCUMENTATION_COMMENTS = YES;
				CLANG_WARN_EMPTY_BODY = YES;
				CLANG_WARN_ENUM_CONVERSION = YES;
				CLANG_WARN_INFINITE_RECURSION = YES;
				CLANG_WARN_INT_CONVERSION = YES;
				CLANG_WARN_NON_LITERAL_NULL_CONVERSION = YES;
				CLANG_WARN_OBJC_IMPLICIT_RETAIN_SELF = YES;
				CLANG_WARN_OBJC_LITERAL_CONVERSION = YES;
				CLANG_WARN_OBJC_ROOT_CLASS = YES_ERROR;
				CLANG_WARN_RANGE_LOOP_ANALYSIS = YES;
				CLANG_WARN_STRICT_PROTOTYPES = YES;
				CLANG_WARN_SUSPICIOUS_MOVE = YES;
				CLANG_WARN_UNGUARDED_AVAILABILITY = YES_AGGRESSIVE;
				CLANG_WARN_UNREACHABLE_CODE = YES;
				CLANG_WARN__DUPLICATE_METHOD_MATCH = YES;
				CODE_SIGN_IDENTITY = "iPhone Developer";
				COPY_PHASE_STRIP = NO;
				DEBUG_INFORMATION_FORMAT = "dwarf-with-dsym";
				ENABLE_NS_ASSERTIONS = NO;
				ENABLE_STRICT_OBJC_MSGSEND = YES;
				GCC_C_LANGUAGE_STANDARD = gnu11;
				GCC_NO_COMMON_BLOCKS = YES;
				GCC_WARN_64_TO_32_BIT_CONVERSION = YES;
				GCC_WARN_ABOUT_RETURN_TYPE = YES_ERROR;
				GCC_WARN_UNDECLARED_SELECTOR = YES;
				GCC_WARN_UNINITIALIZED_AUTOS = YES_AGGRESSIVE;
				GCC_WARN_UNUSED_FUNCTION = YES;
				GCC_WARN_UNUSED_VARIABLE = YES;
				IPHONEOS_DEPLOYMENT_TARGET = 12.1;
				MTL_ENABLE_DEBUG_INFO = NO;
				MTL_FAST_MATH = YES;
				SDKROOT = iphoneos;
				VALIDATE_PRODUCT = YES;
			};
			name = Release;
		};
		73330CCD21A3F61900233E6D /* Debug */ = {
			isa = XCBuildConfiguration;
			baseConfigurationReference = 2FD3EB69EB37647FA5973E38 /* Pods-LXCategory.debug.xcconfig */;
			buildSettings = {
				ASSETCATALOG_COMPILER_APPICON_NAME = AppIcon;
				CODE_SIGN_STYLE = Automatic;
				DEVELOPMENT_TEAM = 5KQQLB9477;
				INFOPLIST_FILE = LXCategory/Info.plist;
				LD_RUNPATH_SEARCH_PATHS = (
					"$(inherited)",
					"@executable_path/Frameworks",
				);
				PRODUCT_BUNDLE_IDENTIFIER = com.xllpp.www.LXCategory;
				PRODUCT_NAME = "$(TARGET_NAME)";
				TARGETED_DEVICE_FAMILY = "1,2";
			};
			name = Debug;
		};
		73330CCE21A3F61900233E6D /* Release */ = {
			isa = XCBuildConfiguration;
			baseConfigurationReference = D63FBC8AC944254A539CB132 /* Pods-LXCategory.release.xcconfig */;
			buildSettings = {
				ASSETCATALOG_COMPILER_APPICON_NAME = AppIcon;
				CODE_SIGN_STYLE = Automatic;
				DEVELOPMENT_TEAM = 5KQQLB9477;
				INFOPLIST_FILE = LXCategory/Info.plist;
				LD_RUNPATH_SEARCH_PATHS = (
					"$(inherited)",
					"@executable_path/Frameworks",
				);
				PRODUCT_BUNDLE_IDENTIFIER = com.xllpp.www.LXCategory;
				PRODUCT_NAME = "$(TARGET_NAME)";
				TARGETED_DEVICE_FAMILY = "1,2";
			};
			name = Release;
		};
/* End XCBuildConfiguration section */

/* Begin XCConfigurationList section */
		73330CB121A3F61700233E6D /* Build configuration list for PBXProject "LXCategory" */ = {
			isa = XCConfigurationList;
			buildConfigurations = (
				73330CCA21A3F61900233E6D /* Debug */,
				73330CCB21A3F61900233E6D /* Release */,
			);
			defaultConfigurationIsVisible = 0;
			defaultConfigurationName = Release;
		};
		73330CCC21A3F61900233E6D /* Build configuration list for PBXNativeTarget "LXCategory" */ = {
			isa = XCConfigurationList;
			buildConfigurations = (
				73330CCD21A3F61900233E6D /* Debug */,
				73330CCE21A3F61900233E6D /* Release */,
			);
			defaultConfigurationIsVisible = 0;
			defaultConfigurationName = Release;
		};
/* End XCConfigurationList section */
	};
	rootObject = 73330CAE21A3F61700233E6D /* Project object */;
}
